<?xml version="1.0" encoding="utf-8"?>
<Project ToolsVersion="4.0" xmlns="http://schemas.microsoft.com/developer/msbuild/2003">
  <ItemGroup>
    <Filter Include="src">
      <UniqueIdentifier>{02f0a100-9eeb-4246-a8eb-fa004ddac740}</UniqueIdentifier>
    </Filter>
    <Filter Include="src\map">
      <UniqueIdentifier>{5d735d09-3734-4bfa-921a-7b11168be8e6}</UniqueIdentifier>
    </Filter>
    <Filter Include="src\stimulator">
      <UniqueIdentifier>{ca31f6c0-86ab-44ac-8e5c-982ff326bb88}</UniqueIdentifier>
    </Filter>
    <Filter Include="src\util">
      <UniqueIdentifier>{5c2a6124-d1a9-4552-a6e2-6aa2807e2257}</UniqueIdentifier>
    </Filter>
  </ItemGroup>
  <ItemGroup>
    <ClCompile Include="..\src\WaterSurfaceSim.cc">
      <Filter>src</Filter>
    </ClCompile>
    <ClCompile Include="..\src\util\FPSCounter.cc">
      <Filter>src\util</Filter>
    </ClCompile>
    <ClCompile Include="..\src\stimulator\RainStimulator.cc">
      <Filter>src\stimulator</Filter>
    </ClCompile>
    <ClCompile Include="..\src\map\ColorMap.cc">
      <Filter>src\map</Filter>
    </ClCompile>
    <ClCompile Include="..\src\map\ColorMapBitmapMixIn.cc">
      <Filter>src\map</Filter>
    </ClCompile>
    <ClCompile Include="..\src\map\WaterSurfaceMap.cc">
      <Filter>src\map</Filter>
    </ClCompile>
    <ClCompile Include="..\src\stimulator\Stimulator.cc">
      <Filter>src\stimulator</Filter>
    </ClCompile>
    <ClCompile Include="..\src\stimulator\WalkerStimulator.cc">
      <Filter>src\stimulator</Filter>
    </ClCompile>
  </ItemGroup>
  <ItemGroup>
    <ClInclude Include="..\src\util\FPSCounter.h">
      <Filter>src\util</Filter>
    </ClInclude>
    <ClInclude Include="..\src\stimulator\RainStimulator.h">
      <Filter>src\stimulator</Filter>
    </ClInclude>
    <ClInclude Include="..\src\map\ColorMap.h">
      <Filter>src\map</Filter>
    </ClInclude>
    <ClInclude Include="..\src\map\ColorMapBitmapMixIn.h">
      <Filter>src\map</Filter>
    </ClInclude>
    <ClInclude Include="..\src\map\WaterSurfaceMap.h">
      <Filter>src\map</Filter>
    </ClInclude>
    <ClInclude Include="..\src\stimulator\Stimulator.h">
      <Filter>src\stimulator</Filter>
    </ClInclude>
    <ClInclude Include="..\src\stimulator\WalkerStimulator.h">
      <Filter>src\stimulator</Filter>
    </ClInclude>
  </ItemGroup>
</Project>